// !$*UTF8*$!
{
	archiveVersion = 1;
	classes = {
	};
	objectVersion = 51;
	objects = {

/* Begin PBXBuildFile section */
		470E768626A5051700A4C13A /* AppDelegate.swift in Sources */ = {isa = PBXBuildFile; fileRef = 470E768526A5051600A4C13A /* AppDelegate.swift */; };
		470E768826A5051700A4C13A /* SceneDelegate.swift in Sources */ = {isa = PBXBuildFile; fileRef = 470E768726A5051700A4C13A /* SceneDelegate.swift */; };
		470E768A26A5051700A4C13A /* ViewController.swift in Sources */ = {isa = PBXBuildFile; fileRef = 470E768926A5051700A4C13A /* ViewController.swift */; };
		470E768D26A5051700A4C13A /* Main.storyboard in Resources */ = {isa = PBXBuildFile; fileRef = 470E768B26A5051700A4C13A /* Main.storyboard */; };
		470E768F26A5051800A4C13A /* Assets.xcassets in Resources */ = {isa = PBXBuildFile; fileRef = 470E768E26A5051800A4C13A /* Assets.xcassets */; };
		470E769226A5051800A4C13A /* LaunchScreen.storyboard in Resources */ = {isa = PBXBuildFile; fileRef = 470E769026A5051800A4C13A /* LaunchScreen.storyboard */; };
		470E769A26A5062200A4C13A /* Person.swift in Sources */ = {isa = PBXBuildFile; fileRef = 470E769926A5062200A4C13A /* Person.swift */; };
		5F3C8AA5ECAC1FB2CDD4A773 /* Pods_Realm_Sample.framework in Frameworks */ = {isa = PBXBuildFile; fileRef = 9CF274F3A2A3965AB00F8349 /* Pods_Realm_Sample.framework */; };
/* End PBXBuildFile section */

/* Begin PBXFileReference section */
		470E768226A5051600A4C13A /* Realm-Sample.app */ = {isa = PBXFileReference; explicitFileType = wrapper.application; includeInIndex = 0; path = "Realm-Sample.app"; sourceTree = BUILT_PRODUCTS_DIR; };
		470E768526A5051600A4C13A /* AppDelegate.swift */ = {isa = PBXFileReference; lastKnownFileType = sourcecode.swift; path = AppDelegate.swift; sourceTree = "<group>"; };
		470E768726A5051700A4C13A /* SceneDelegate.swift */ = {isa = PBXFileReference; lastKnownFileType = sourcecode.swift; path = SceneDelegate.swift; sourceTree = "<group>"; };
		470E768926A5051700A4C13A /* ViewController.swift */ = {isa = PBXFileReference; lastKnownFileType = sourcecode.swift; path = ViewController.swift; sourceTree = "<group>"; };
		470E768C26A5051700A4C13A /* Base */ = {isa = PBXFileReference; lastKnownFileType = file.storyboard; name = Base; path = Base.lproj/Main.storyboard; sourceTree = "<group>"; };
		470E768E26A5051800A4C13A /* Assets.xcassets */ = {isa = PBXFileReference; lastKnownFileType = folder.assetcatalog; path = Assets.xcassets; sourceTree = "<group>"; };
		470E769126A5051800A4C13A /* Base */ = {isa = PBXFileReference; lastKnownFileType = file.storyboard; name = Base; path = Base.lproj/LaunchScreen.storyboard; sourceTree = "<group>"; };
		470E769326A5051800A4C13A /* Info.plist */ = {isa = PBXFileReference; lastKnownFileType = text.plist.xml; path = Info.plist; sourceTree = "<group>"; };
		470E769926A5062200A4C13A /* Person.swift */ = {isa = PBXFileReference; lastKnownFileType = sourcecode.swift; path = Person.swift; sourceTree = "<group>"; };
		948682360AFAD7BC2B4C286F /* Pods-Realm-Sample.debug.xcconfig */ = {isa = PBXFileReference; includeInIndex = 1; lastKnownFileType = text.xcconfig; name = "Pods-Realm-Sample.debug.xcconfig"; path = "Target Support Files/Pods-Realm-Sample/Pods-Realm-Sample.debug.xcconfig"; sourceTree = "<group>"; };
		9CF274F3A2A3965AB00F8349 /* Pods_Realm_Sample.framework */ = {isa = PBXFileReference; explicitFileType = wrapper.framework; includeInIndex = 0; path = Pods_Realm_Sample.framework; sourceTree = BUILT_PRODUCTS_DIR; };
		D50DD3B6D6D1D09B36DD4C26 /* Pods-Realm-Sample.release.xcconfig */ = {isa = PBXFileReference; includeInIndex = 1; lastKnownFileType = text.xcconfig; name = "Pods-Realm-Sample.release.xcconfig"; path = "Target Support Files/Pods-Realm-Sample/Pods-Realm-Sample.release.xcconfig"; sourceTree = "<group>"; };
/* End PBXFileReference section */

/* Begin PBXFrameworksBuildPhase section */
		470E767F26A5051600A4C13A /* Frameworks */ = {
			isa = PBXFrameworksBuildPhase;
			buildActionMask = 2147483647;
			files = (
				5F3C8AA5ECAC1FB2CDD4A773 /* Pods_Realm_Sample.framework in Frameworks */,
			);
			runOnlyForDeploymentPostprocessing = 0;
		};
/* End PBXFrameworksBuildPhase section */

/* Begin PBXGroup section */
		470E767926A5051600A4C13A = {
			isa = PBXGroup;
			children = (
				470E768426A5051600A4C13A /* Realm-Sample */,
				470E768326A5051600A4C13A /* Products */,
				73ED010189F7477049ECA694 /* Pods */,
				FC47C72DCCCE2FD1960FF96B /* Frameworks */,
			);
			sourceTree = "<group>";
		};
		470E768326A5051600A4C13A /* Products */ = {
			isa = PBXGroup;
			children = (
				470E768226A5051600A4C13A /* Realm-Sample.app */,
			);
			name = Products;
			sourceTree = "<group>";
		};
		470E768426A5051600A4C13A /* Realm-Sample */ = {
			isa = PBXGroup;
			children = (
				470E768526A5051600A4C13A /* AppDelegate.swift */,
				470E768726A5051700A4C13A /* SceneDelegate.swift */,
				470E769926A5062200A4C13A /* Person.swift */,
				470E768926A5051700A4C13A /* ViewController.swift */,
				470E768B26A5051700A4C13A /* Main.storyboard */,
				470E768E26A5051800A4C13A /* Assets.xcassets */,
				470E769026A5051800A4C13A /* LaunchScreen.storyboard */,
				470E769326A5051800A4C13A /* Info.plist */,
			);
			path = "Realm-Sample";
			sourceTree = "<group>";
		};
		73ED010189F7477049ECA694 /* Pods */ = {
			isa = PBXGroup;
			children = (
				948682360AFAD7BC2B4C286F /* Pods-Realm-Sample.debug.xcconfig */,
				D50DD3B6D6D1D09B36DD4C26 /* Pods-Realm-Sample.release.xcconfig */,
			);
			path = Pods;
			sourceTree = "<group>";
		};
		FC47C72DCCCE2FD1960FF96B /* Frameworks */ = {
			isa = PBXGroup;
			children = (
				9CF274F3A2A3965AB00F8349 /* Pods_Realm_Sample.framework */,
			);
			name = Frameworks;
			sourceTree = "<group>";
		};
/* End PBXGroup section */

/* Begin PBXNativeTarget section */
		470E768126A5051600A4C13A /* Realm-Sample */ = {
			isa = PBXNativeTarget;
			buildConfigurationList = 470E769626A5051800A4C13A /* Build configuration list for PBXNativeTarget "Realm-Sample" */;
			buildPhases = (
				C28FBB0B9BED7D712F3B9C81 /* [CP] Check Pods Manifest.lock */,
				470E767E26A5051600A4C13A /* Sources */,
				470E767F26A5051600A4C13A /* Frameworks */,
				470E768026A5051600A4C13A /* Resources */,
				728883EC496806348C371C42 /* [CP] Embed Pods Frameworks */,
			);
			buildRules = (
			);
			dependencies = (
			);
			name = "Realm-Sample";
			productName = "Realm-Sample";
			productReference = 470E768226A5051600A4C13A /* Realm-Sample.app */;
			productType = "com.apple.product-type.application";
		};
/* End PBXNativeTarget section */

/* Begin PBXProject section */
		470E767A26A5051600A4C13A /* Project object */ = {
			isa = PBXProject;
			attributes = {
				LastSwiftUpdateCheck = 1250;
				LastUpgradeCheck = 1250;
				TargetAttributes = {
					470E768126A5051600A4C13A = {
						CreatedOnToolsVersion = 12.5.1;
					};
				};
			};
			buildConfigurationList = 470E767D26A5051600A4C13A /* Build configuration list for PBXProject "Realm-Sample" */;
			compatibilityVersion = "Xcode 9.3";
			developmentRegion = en;
			hasScannedForEncodings = 0;
			knownRegions = (
				en,
				Base,
			);
			mainGroup = 470E767926A5051600A4C13A;
			productRefGroup = 470E768326A5051600A4C13A /* Products */;
			projectDirPath = "";
			projectRoot = "";
			targets = (
				470E768126A5051600A4C13A /* Realm-Sample */,
			);
		};
/* End PBXProject section */

/* Begin PBXResourcesBuildPhase section */
		470E768026A5051600A4C13A /* Resources */ = {
			isa = PBXResourcesBuildPhase;
			buildActionMask = 2147483647;
			files = (
				470E769226A5051800A4C13A /* LaunchScreen.storyboard in Resources */,
				470E768F26A5051800A4C13A /* Assets.xcassets in Resources */,
				470E768D26A5051700A4C13A /* Main.storyboard in Resources */,
			);
			runOnlyForDeploymentPostprocessing = 0;
		};
/* End PBXResourcesBuildPhase section */

/* Begin PBXShellScriptBuildPhase section */
		728883EC496806348C371C42 /* [CP] Embed Pods Frameworks */ = {
			isa = PBXShellScriptBuildPhase;
			buildActionMask = 2147483647;
			files = (
			);
			inputFileListPaths = (
				"${PODS_ROOT}/Target Support Files/Pods-Realm-Sample/Pods-Realm-Sample-frameworks-${CONFIGURATION}-input-files.xcfilelist",
			);
			name = "[CP] Embed Pods Frameworks";
			outputFileListPaths = (
				"${PODS_ROOT}/Target Support Files/Pods-Realm-Sample/Pods-Realm-Sample-frameworks-${CONFIGURATION}-output-files.xcfilelist",
			);
			runOnlyForDeploymentPostprocessing = 0;
			shellPath = /bin/sh;
			shellScript = "\"${PODS_ROOT}/Target Support Files/Pods-Realm-Sample/Pods-Realm-Sample-frameworks.sh\"\n";
			showEnvVarsInLog = 0;
		};
		C28FBB0B9BED7D712F3B9C81 /* [CP] Check Pods Manifest.lock */ = {
			isa = PBXShellScriptBuildPhase;
			buildActionMask = 2147483647;
			files = (
			);
			inputFileListPaths = (
			);
			inputPaths = (
				"${PODS_PODFILE_DIR_PATH}/Podfile.lock",
				"${PODS_ROOT}/Manifest.lock",
			);
			name = "[CP] Check Pods Manifest.lock";
			outputFileListPaths = (
			);
			outputPaths = (
				"$(DERIVED_FILE_DIR)/Pods-Realm-Sample-checkManifestLockResult.txt",
			);
			runOnlyForDeploymentPostprocessing = 0;
			shellPath = /bin/sh;
			shellScript = "diff \"${PODS_PODFILE_DIR_PATH}/Podfile.lock\" \"${PODS_ROOT}/Manifest.lock\" > /dev/null\nif [ $? != 0 ] ; then\n    # print error to STDERR\n    echo \"error: The sandbox is not in sync with the Podfile.lock. Run 'pod install' or update your CocoaPods installation.\" >&2\n    exit 1\nfi\n# This output is used by Xcode 'outputs' to avoid re-running this script phase.\necho \"SUCCESS\" > \"${SCRIPT_OUTPUT_FILE_0}\"\n";
			showEnvVarsInLog = 0;
		};
/* End PBXShellScriptBuildPhase section */

/* Begin PBXSourcesBuildPhase section */
		470E767E26A5051600A4C13A /* Sources */ = {
			isa = PBXSourcesBuildPhase;
			buildActionMask = 2147483647;
			files = (
				470E768A26A5051700A4C13A /* ViewController.swift in Sources */,
				470E768626A5051700A4C13A /* AppDelegate.swift in Sources */,
				470E769A26A5062200A4C13A /* Person.swift in Sources */,
				470E768826A5051700A4C13A /* SceneDelegate.swift in Sources */,
			);
			runOnlyForDeploymentPostprocessing = 0;
		};
/* End PBXSourcesBuildPhase section */

/* Begin PBXVariantGroup section */
		470E768B26A5051700A4C13A /* Main.storyboard */ = {
			isa = PBXVariantGroup;
			children = (
				470E768C26A5051700A4C13A /* Base */,
			);
			name = Main.storyboard;
			sourceTree = "<group>";
		};
		470E769026A5051800A4C13A /* LaunchScreen.storyboard */ = {
			isa = PBXVariantGroup;
			children = (
				470E769126A5051800A4C13A /* Base */,
			);
			name = LaunchScreen.storyboard;
			sourceTree = "<group>";
		};
/* End PBXVariantGroup section */

/* Begin XCBuildConfiguration section */
		470E769426A5051800A4C13A /* Debug */ = {
			isa = XCBuildConfiguration;
			buildSettings = {
				ALWAYS_SEARCH_USER_PATHS = NO;
				CLANG_ANALYZER_NONNULL = YES;
				CLANG_ANALYZER_NUMBER_OBJECT_CONVERSION = YES_AGGRESSIVE;
				CLANG_CXX_LANGUAGE_STANDARD = "gnu++14";
				CLANG_CXX_LIBRARY = "libc++";
				CLANG_ENABLE_MODULES = YES;
				CLANG_ENABLE_OBJC_ARC = YES;
				CLANG_ENABLE_OBJC_WEAK = YES;
				CLANG_WARN_BLOCK_CAPTURE_AUTORELEASING = YES;
				CLANG_WARN_BOOL_CONVERSION = YES;
				CLANG_WARN_COMMA = YES;
				CLANG_WARN_CONSTANT_CONVERSION = YES;
				CLANG_WARN_DEPRECATED_OBJC_IMPLEMENTATIONS = YES;
				CLANG_WARN_DIRECT_OBJC_ISA_USAGE = YES_ERROR;
				CLANG_WARN_DOCUMENTATION_COMMENTS = YES;
				CLANG_WARN_EMPTY_BODY = YES;
				CLANG_WARN_ENUM_CONVERSION = YES;
				CLANG_WARN_INFINITE_RECURSION = YES;
				CLANG_WARN_INT_CONVERSION = YES;
				CLANG_WARN_NON_LITERAL_NULL_CONVERSION = YES;
				CLANG_WARN_OBJC_IMPLICIT_RETAIN_SELF = YES;
				CLANG_WARN_OBJC_LITERAL_CONVERSION = YES;
				CLANG_WARN_OBJC_ROOT_CLASS = YES_ERROR;
				CLANG_WARN_QUOTED_INCLUDE_IN_FRAMEWORK_HEADER = YES;
				CLANG_WARN_RANGE_LOOP_ANALYSIS = YES;
				CLANG_WARN_STRICT_PROTOTYPES = YES;
				CLANG_WARN_SUSPICIOUS_MOVE = YES;
				CLANG_WARN_UNGUARDED_AVAILABILITY = YES_AGGRESSIVE;
				CLANG_WARN_UNREACHABLE_CODE = YES;
				CLANG_WARN__DUPLICATE_METHOD_MATCH = YES;
				COPY_PHASE_STRIP = NO;
				DEBUG_INFORMATION_FORMAT = dwarf;
				ENABLE_STRICT_OBJC_MSGSEND = YES;
				ENABLE_TESTABILITY = YES;
				GCC_C_LANGUAGE_STANDARD = gnu11;
				GCC_DYNAMIC_NO_PIC = NO;
				GCC_NO_COMMON_BLOCKS = YES;
				GCC_OPTIMIZATION_LEVEL = 0;
				GCC_PREPROCESSOR_DEFINITIONS = (
					"DEBUG=1",
					"$(inherited)",
				);
				GCC_WARN_64_TO_32_BIT_CONVERSION = YES;
				GCC_WARN_ABOUT_RETURN_TYPE = YES_ERROR;
				GCC_WARN_UNDECLARED_SELECTOR = YES;
				GCC_WARN_UNINITIALIZED_AUTOS = YES_AGGRESSIVE;
				GCC_WARN_UNUSED_FUNCTION = YES;
				GCC_WARN_UNUSED_VARIABLE = YES;
				IPHONEOS_DEPLOYMENT_TARGET = 14.5;
				MTL_ENABLE_DEBUG_INFO = INCLUDE_SOURCE;
				MTL_FAST_MATH = YES;
				ONLY_ACTIVE_ARCH = YES;
				SDKROOT = iphoneos;
				SWIFT_ACTIVE_COMPILATION_CONDITIONS = DEBUG;
				SWIFT_OPTIMIZATION_LEVEL = "-Onone";
			};
			name = Debug;
		};
		470E769526A5051800A4C13A /* Release */ = {
			isa = XCBuildConfiguration;
			buildSettings = {
				ALWAYS_SEARCH_USER_PATHS = NO;
				CLANG_ANALYZER_NONNULL = YES;
				CLANG_ANALYZER_NUMBER_OBJECT_CONVERSION = YES_AGGRESSIVE;
				CLANG_CXX_LANGUAGE_STANDARD = "gnu++14";
				CLANG_CXX_LIBRARY = "libc++";
				CLANG_ENABLE_MODULES = YES;
				CLANG_ENABLE_OBJC_ARC = YES;
				CLANG_ENABLE_OBJC_WEAK = YES;
				CLANG_WARN_BLOCK_CAPTURE_AUTORELEASING = YES;
				CLANG_WARN_BOOL_CONVERSION = YES;
				CLANG_WARN_COMMA = YES;
				CLANG_WARN_CONSTANT_CONVERSION = YES;
				CLANG_WARN_DEPRECATED_OBJC_IMPLEMENTATIONS = YES;
				CLANG_WARN_DIRECT_OBJC_ISA_USAGE = YES_ERROR;
				CLANG_WARN_DOCUMENTATION_COMMENTS = YES;
				CLANG_WARN_EMPTY_BODY = YES;
				CLANG_WARN_ENUM_CONVERSION = YES;
				CLANG_WARN_INFINITE_RECURSION = YES;
				CLANG_WARN_INT_CONVERSION = YES;
				CLANG_WARN_NON_LITERAL_NULL_CONVERSION = YES;
				CLANG_WARN_OBJC_IMPLICIT_RETAIN_SELF = YES;
				CLANG_WARN_OBJC_LITERAL_CONVERSION = YES;
				CLANG_WARN_OBJC_ROOT_CLASS = YES_ERROR;
				CLANG_WARN_QUOTED_INCLUDE_IN_FRAMEWORK_HEADER = YES;
				CLANG_WARN_RANGE_LOOP_ANALYSIS = YES;
				CLANG_WARN_STRICT_PROTOTYPES = YES;
				CLANG_WARN_SUSPICIOUS_MOVE = YES;
				CLANG_WARN_UNGUARDED_AVAILABILITY = YES_AGGRESSIVE;
				CLANG_WARN_UNREACHABLE_CODE = YES;
				CLANG_WARN__DUPLICATE_METHOD_MATCH = YES;
				COPY_PHASE_STRIP = NO;
				DEBUG_INFORMATION_FORMAT = "dwarf-with-dsym";
				ENABLE_NS_ASSERTIONS = NO;
				ENABLE_STRICT_OBJC_MSGSEND = YES;
				GCC_C_LANGUAGE_STANDARD = gnu11;
				GCC_NO_COMMON_BLOCKS = YES;
				GCC_WARN_64_TO_32_BIT_CONVERSION = YES;
				GCC_WARN_ABOUT_RETURN_TYPE = YES_ERROR;
				GCC_WARN_UNDECLARED_SELECTOR = YES;
				GCC_WARN_UNINITIALIZED_AUTOS = YES_AGGRESSIVE;
				GCC_WARN_UNUSED_FUNCTION = YES;
				GCC_WARN_UNUSED_VARIABLE = YES;
				IPHONEOS_DEPLOYMENT_TARGET = 14.5;
				MTL_ENABLE_DEBUG_INFO = NO;
				MTL_FAST_MATH = YES;
				SDKROOT = iphoneos;
				SWIFT_COMPILATION_MODE = wholemodule;
				SWIFT_OPTIMIZATION_LEVEL = "-O";
				VALIDATE_PRODUCT = YES;
			};
			name = Release;
		};
		470E769726A5051800A4C13A /* Debug */ = {
			isa = XCBuildConfiguration;
			baseConfigurationReference = 948682360AFAD7BC2B4C286F /* Pods-Realm-Sample.debug.xcconfig */;
			buildSettings = {
				ASSETCATALOG_COMPILER_APPICON_NAME = AppIcon;
				ASSETCATALOG_COMPILER_GLOBAL_ACCENT_COLOR_NAME = AccentColor;
				CODE_SIGN_STYLE = Automatic;
				DEVELOPMENT_TEAM = HAMLUR4PQA;
				INFOPLIST_FILE = "Realm-Sample/Info.plist";
				LD_RUNPATH_SEARCH_PATHS = (
					"$(inherited)",
					"@executable_path/Frameworks",
				);
				PRODUCT_BUNDLE_IDENTIFIER = "com.kyohei.Realm-Sample";
				PRODUCT_NAME = "$(TARGET_NAME)";
				SWIFT_VERSION = 5.0;
				TARGETED_DEVICE_FAMILY = 1;
			};
			name = Debug;
		};
		470E769826A5051800A4C13A /* Release */ = {
			isa = XCBuildConfiguration;
			baseConfigurationReference = D50DD3B6D6D1D09B36DD4C26 /* Pods-Realm-Sample.release.xcconfig */;
			buildSettings = {
				ASSETCATALOG_COMPILER_APPICON_NAME = AppIcon;
				ASSETCATALOG_COMPILER_GLOBAL_ACCENT_COLOR_NAME = AccentColor;
				CODE_SIGN_STYLE = Automatic;
				DEVELOPMENT_TEAM = HAMLUR4PQA;
				INFOPLIST_FILE = "Realm-Sample/Info.plist";
				LD_RUNPATH_SEARCH_PATHS = (
					"$(inherited)",
					"@executable_path/Frameworks",
				);
				PRODUCT_BUNDLE_IDENTIFIER = "com.kyohei.Realm-Sample";
				PRODUCT_NAME = "$(TARGET_NAME)";
				SWIFT_VERSION = 5.0;
				TARGETED_DEVICE_FAMILY = 1;
			};
			name = Release;
		};
/* End XCBuildConfiguration section */

/* Begin XCConfigurationList section */
		470E767D26A5051600A4C13A /* Build configuration list for PBXProject "Realm-Sample" */ = {
			isa = XCConfigurationList;
			buildConfigurations = (
				470E769426A5051800A4C13A /* Debug */,
				470E769526A5051800A4C13A /* Release */,
			);
			defaultConfigurationIsVisible = 0;
			defaultConfigurationName = Release;
		};
		470E769626A5051800A4C13A /* Build configuration list for PBXNativeTarget "Realm-Sample" */ = {
			isa = XCConfigurationList;
			buildConfigurations = (
				470E769726A5051800A4C13A /* Debug */,
				470E769826A5051800A4C13A /* Release */,
			);
			defaultConfigurationIsVisible = 0;
			defaultConfigurationName = Release;
		};
/* End XCConfigurationList section */
	};
	rootObject = 470E767A26A5051600A4C13A /* Project object */;
}
